
Microsoft Visual Studio Solution File, Format Version 12.00
# Visual Studio Version 16
VisualStudioVersion = 16.0.30709.132
MinimumVisualStudioVersion = 10.0.40219.1
Project("{9A19103F-16F7-4668-BE54-9A1E7A4F7556}") = "PS.UI.Shared", "PS.UI.Shared\PS.UI.Shared.csproj", "{87EE9B5B-F628-43A7-8173-77968D4709AE}"
EndProject
Project("{9A19103F-16F7-4668-BE54-9A1E7A4F7556}") = "PS.Web.API", "PS.Web.API\PS.Web.API.csproj", "{14E4B7F0-6295-444F-85CC-A106CFBBCC5D}"
EndProject
Project("{9A19103F-16F7-4668-BE54-9A1E7A4F7556}") = "PS.Shared", "PS.Shared\PS.Shared.csproj", "{37ABD78C-2906-45C2-9309-0047C0E493BA}"
EndProject
Project("{9A19103F-16F7-4668-BE54-9A1E7A4F7556}") = "PS.UI.WPF", "PS.UI.WPF\PS.UI.WPF.csproj", "{7BC0DA74-9DCE-4A71-8CDB-512B6928F115}"
EndProject
Project("{2150E333-8FDC-42A3-9474-1A3956D46DE8}") = "Server", "Server", "{B37281F1-BFD5-4ADD-8944-F57CE70ACF1D}"
EndProject
Project("{2150E333-8FDC-42A3-9474-1A3956D46DE8}") = "UI", "UI", "{7BBAA2EB-A0A9-4E54-9DB1-C5FE62BB96E1}"
EndProject
Project("{2150E333-8FDC-42A3-9474-1A3956D46DE8}") = "Shared", "Shared", "{2C971347-C4E4-48C6-855E-3E5601451218}"
EndProject
Project("{2150E333-8FDC-42A3-9474-1A3956D46DE8}") = "Tools", "Tools", "{D32AD331-4B20-46CD-9C63-EB7655A8C2A5}"
	ProjectSection(SolutionItems) = preProject
		README.md = README.md
	EndProjectSection
EndProject
Project("{2150E333-8FDC-42A3-9474-1A3956D46DE8}") = "Code Snippets", "Code Snippets", "{3ADC018C-92DD-48F1-9719-B2F983D56BEE}"
	ProjectSection(SolutionItems) = preProject
		PS.snippet = PS.snippet
	EndProjectSection
EndProject
Project("{2150E333-8FDC-42A3-9474-1A3956D46DE8}") = "Powershell", "Powershell", "{49442FBB-8BEC-4FC7-97DD-BCF0CAE64D80}"
	ProjectSection(SolutionItems) = preProject
		Merge Development Branch Changes.ps1 = Merge Development Branch Changes.ps1
	EndProjectSection
EndProject
Project("{9A19103F-16F7-4668-BE54-9A1E7A4F7556}") = "PS.Web.Scraper", "PS.Web.Scraper\PS.Web.Scraper.csproj", "{90DB180F-0A16-4A2F-816A-E277C8704B3C}"
EndProject
Project("{FAE04EC0-301F-11D3-BF4B-00C04F79EFBC}") = "PS.UI.Xamarin.Android", "PS.UI.Xamarin\PS.UI.Xamarin.Android\PS.UI.Xamarin.Android.csproj", "{BFACCB91-35DF-4FB3-AAAF-AF35940CF889}"
EndProject
Project("{FAE04EC0-301F-11D3-BF4B-00C04F79EFBC}") = "PS.UI.Xamarin.iOS", "PS.UI.Xamarin\PS.UI.Xamarin.iOS\PS.UI.Xamarin.iOS.csproj", "{EEE173BB-BE8A-4C75-A561-783F187BDBF8}"
EndProject
Project("{9A19103F-16F7-4668-BE54-9A1E7A4F7556}") = "PS.UI.Xamarin", "PS.UI.Xamarin\PS.UI.Xamarin\PS.UI.Xamarin.csproj", "{81E38A91-AE52-43DC-BAE8-B69297B41FC7}"
EndProject
Global
	GlobalSection(SolutionConfigurationPlatforms) = preSolution
		Debug|Any CPU = Debug|Any CPU
		Debug|iPhone = Debug|iPhone
		Debug|iPhoneSimulator = Debug|iPhoneSimulator
		Release|Any CPU = Release|Any CPU
		Release|iPhone = Release|iPhone
		Release|iPhoneSimulator = Release|iPhoneSimulator
	EndGlobalSection
	GlobalSection(ProjectConfigurationPlatforms) = postSolution
		{87EE9B5B-F628-43A7-8173-77968D4709AE}.Debug|Any CPU.ActiveCfg = Debug|Any CPU
		{87EE9B5B-F628-43A7-8173-77968D4709AE}.Debug|Any CPU.Build.0 = Debug|Any CPU
		{87EE9B5B-F628-43A7-8173-77968D4709AE}.Debug|iPhone.ActiveCfg = Debug|Any CPU
		{87EE9B5B-F628-43A7-8173-77968D4709AE}.Debug|iPhone.Build.0 = Debug|Any CPU
		{87EE9B5B-F628-43A7-8173-77968D4709AE}.Debug|iPhoneSimulator.ActiveCfg = Debug|Any CPU
		{87EE9B5B-F628-43A7-8173-77968D4709AE}.Debug|iPhoneSimulator.Build.0 = Debug|Any CPU
		{87EE9B5B-F628-43A7-8173-77968D4709AE}.Release|Any CPU.ActiveCfg = Release|Any CPU
		{87EE9B5B-F628-43A7-8173-77968D4709AE}.Release|Any CPU.Build.0 = Release|Any CPU
		{87EE9B5B-F628-43A7-8173-77968D4709AE}.Release|iPhone.ActiveCfg = Release|Any CPU
		{87EE9B5B-F628-43A7-8173-77968D4709AE}.Release|iPhone.Build.0 = Release|Any CPU
		{87EE9B5B-F628-43A7-8173-77968D4709AE}.Release|iPhoneSimulator.ActiveCfg = Release|Any CPU
		{87EE9B5B-F628-43A7-8173-77968D4709AE}.Release|iPhoneSimulator.Build.0 = Release|Any CPU
		{14E4B7F0-6295-444F-85CC-A106CFBBCC5D}.Debug|Any CPU.ActiveCfg = Debug|Any CPU
		{14E4B7F0-6295-444F-85CC-A106CFBBCC5D}.Debug|Any CPU.Build.0 = Debug|Any CPU
		{14E4B7F0-6295-444F-85CC-A106CFBBCC5D}.Debug|iPhone.ActiveCfg = Debug|Any CPU
		{14E4B7F0-6295-444F-85CC-A106CFBBCC5D}.Debug|iPhone.Build.0 = Debug|Any CPU
		{14E4B7F0-6295-444F-85CC-A106CFBBCC5D}.Debug|iPhoneSimulator.ActiveCfg = Debug|Any CPU
		{14E4B7F0-6295-444F-85CC-A106CFBBCC5D}.Debug|iPhoneSimulator.Build.0 = Debug|Any CPU
		{14E4B7F0-6295-444F-85CC-A106CFBBCC5D}.Release|Any CPU.ActiveCfg = Release|Any CPU
		{14E4B7F0-6295-444F-85CC-A106CFBBCC5D}.Release|Any CPU.Build.0 = Release|Any CPU
		{14E4B7F0-6295-444F-85CC-A106CFBBCC5D}.Release|iPhone.ActiveCfg = Release|Any CPU
		{14E4B7F0-6295-444F-85CC-A106CFBBCC5D}.Release|iPhone.Build.0 = Release|Any CPU
		{14E4B7F0-6295-444F-85CC-A106CFBBCC5D}.Release|iPhoneSimulator.ActiveCfg = Release|Any CPU
		{14E4B7F0-6295-444F-85CC-A106CFBBCC5D}.Release|iPhoneSimulator.Build.0 = Release|Any CPU
		{37ABD78C-2906-45C2-9309-0047C0E493BA}.Debug|Any CPU.ActiveCfg = Debug|Any CPU
		{37ABD78C-2906-45C2-9309-0047C0E493BA}.Debug|Any CPU.Build.0 = Debug|Any CPU
		{37ABD78C-2906-45C2-9309-0047C0E493BA}.Debug|iPhone.ActiveCfg = Debug|Any CPU
		{37ABD78C-2906-45C2-9309-0047C0E493BA}.Debug|iPhone.Build.0 = Debug|Any CPU
		{37ABD78C-2906-45C2-9309-0047C0E493BA}.Debug|iPhoneSimulator.ActiveCfg = Debug|Any CPU
		{37ABD78C-2906-45C2-9309-0047C0E493BA}.Debug|iPhoneSimulator.Build.0 = Debug|Any CPU
		{37ABD78C-2906-45C2-9309-0047C0E493BA}.Release|Any CPU.ActiveCfg = Release|Any CPU
		{37ABD78C-2906-45C2-9309-0047C0E493BA}.Release|Any CPU.Build.0 = Release|Any CPU
		{37ABD78C-2906-45C2-9309-0047C0E493BA}.Release|iPhone.ActiveCfg = Release|Any CPU
		{37ABD78C-2906-45C2-9309-0047C0E493BA}.Release|iPhone.Build.0 = Release|Any CPU
		{37ABD78C-2906-45C2-9309-0047C0E493BA}.Release|iPhoneSimulator.ActiveCfg = Release|Any CPU
		{37ABD78C-2906-45C2-9309-0047C0E493BA}.Release|iPhoneSimulator.Build.0 = Release|Any CPU
		{7BC0DA74-9DCE-4A71-8CDB-512B6928F115}.Debug|Any CPU.ActiveCfg = Debug|Any CPU
		{7BC0DA74-9DCE-4A71-8CDB-512B6928F115}.Debug|Any CPU.Build.0 = Debug|Any CPU
		{7BC0DA74-9DCE-4A71-8CDB-512B6928F115}.Debug|iPhone.ActiveCfg = Debug|Any CPU
		{7BC0DA74-9DCE-4A71-8CDB-512B6928F115}.Debug|iPhone.Build.0 = Debug|Any CPU
		{7BC0DA74-9DCE-4A71-8CDB-512B6928F115}.Debug|iPhoneSimulator.ActiveCfg = Debug|Any CPU
		{7BC0DA74-9DCE-4A71-8CDB-512B6928F115}.Debug|iPhoneSimulator.Build.0 = Debug|Any CPU
		{7BC0DA74-9DCE-4A71-8CDB-512B6928F115}.Release|Any CPU.ActiveCfg = Release|Any CPU
		{7BC0DA74-9DCE-4A71-8CDB-512B6928F115}.Release|Any CPU.Build.0 = Release|Any CPU
		{7BC0DA74-9DCE-4A71-8CDB-512B6928F115}.Release|iPhone.ActiveCfg = Release|Any CPU
		{7BC0DA74-9DCE-4A71-8CDB-512B6928F115}.Release|iPhone.Build.0 = Release|Any CPU
		{7BC0DA74-9DCE-4A71-8CDB-512B6928F115}.Release|iPhoneSimulator.ActiveCfg = Release|Any CPU
		{7BC0DA74-9DCE-4A71-8CDB-512B6928F115}.Release|iPhoneSimulator.Build.0 = Release|Any CPU
		{90DB180F-0A16-4A2F-816A-E277C8704B3C}.Debug|Any CPU.ActiveCfg = Debug|Any CPU
		{90DB180F-0A16-4A2F-816A-E277C8704B3C}.Debug|Any CPU.Build.0 = Debug|Any CPU
		{90DB180F-0A16-4A2F-816A-E277C8704B3C}.Debug|iPhone.ActiveCfg = Debug|Any CPU
		{90DB180F-0A16-4A2F-816A-E277C8704B3C}.Debug|iPhone.Build.0 = Debug|Any CPU
		{90DB180F-0A16-4A2F-816A-E277C8704B3C}.Debug|iPhoneSimulator.ActiveCfg = Debug|Any CPU
		{90DB180F-0A16-4A2F-816A-E277C8704B3C}.Debug|iPhoneSimulator.Build.0 = Debug|Any CPU
		{90DB180F-0A16-4A2F-816A-E277C8704B3C}.Release|Any CPU.ActiveCfg = Release|Any CPU
		{90DB180F-0A16-4A2F-816A-E277C8704B3C}.Release|Any CPU.Build.0 = Release|Any CPU
		{90DB180F-0A16-4A2F-816A-E277C8704B3C}.Release|iPhone.ActiveCfg = Release|Any CPU
		{90DB180F-0A16-4A2F-816A-E277C8704B3C}.Release|iPhone.Build.0 = Release|Any CPU
		{90DB180F-0A16-4A2F-816A-E277C8704B3C}.Release|iPhoneSimulator.ActiveCfg = Release|Any CPU
		{90DB180F-0A16-4A2F-816A-E277C8704B3C}.Release|iPhoneSimulator.Build.0 = Release|Any CPU
		{BFACCB91-35DF-4FB3-AAAF-AF35940CF889}.Debug|Any CPU.ActiveCfg = Debug|Any CPU
		{BFACCB91-35DF-4FB3-AAAF-AF35940CF889}.Debug|Any CPU.Build.0 = Debug|Any CPU
		{BFACCB91-35DF-4FB3-AAAF-AF35940CF889}.Debug|Any CPU.Deploy.0 = Debug|Any CPU
		{BFACCB91-35DF-4FB3-AAAF-AF35940CF889}.Debug|iPhone.ActiveCfg = Debug|Any CPU
		{BFACCB91-35DF-4FB3-AAAF-AF35940CF889}.Debug|iPhone.Build.0 = Debug|Any CPU
		{BFACCB91-35DF-4FB3-AAAF-AF35940CF889}.Debug|iPhone.Deploy.0 = Debug|Any CPU
		{BFACCB91-35DF-4FB3-AAAF-AF35940CF889}.Debug|iPhoneSimulator.ActiveCfg = Debug|Any CPU
		{BFACCB91-35DF-4FB3-AAAF-AF35940CF889}.Debug|iPhoneSimulator.Build.0 = Debug|Any CPU
		{BFACCB91-35DF-4FB3-AAAF-AF35940CF889}.Debug|iPhoneSimulator.Deploy.0 = Debug|Any CPU
		{BFACCB91-35DF-4FB3-AAAF-AF35940CF889}.Release|Any CPU.ActiveCfg = Release|Any CPU
		{BFACCB91-35DF-4FB3-AAAF-AF35940CF889}.Release|Any CPU.Build.0 = Release|Any CPU
		{BFACCB91-35DF-4FB3-AAAF-AF35940CF889}.Release|Any CPU.Deploy.0 = Release|Any CPU
		{BFACCB91-35DF-4FB3-AAAF-AF35940CF889}.Release|iPhone.ActiveCfg = Release|Any CPU
		{BFACCB91-35DF-4FB3-AAAF-AF35940CF889}.Release|iPhone.Build.0 = Release|Any CPU
		{BFACCB91-35DF-4FB3-AAAF-AF35940CF889}.Release|iPhone.Deploy.0 = Release|Any CPU
		{BFACCB91-35DF-4FB3-AAAF-AF35940CF889}.Release|iPhoneSimulator.ActiveCfg = Release|Any CPU
		{BFACCB91-35DF-4FB3-AAAF-AF35940CF889}.Release|iPhoneSimulator.Build.0 = Release|Any CPU
		{BFACCB91-35DF-4FB3-AAAF-AF35940CF889}.Release|iPhoneSimulator.Deploy.0 = Release|Any CPU
		{EEE173BB-BE8A-4C75-A561-783F187BDBF8}.Debug|Any CPU.ActiveCfg = Debug|iPhoneSimulator
		{EEE173BB-BE8A-4C75-A561-783F187BDBF8}.Debug|iPhone.ActiveCfg = Debug|iPhone
		{EEE173BB-BE8A-4C75-A561-783F187BDBF8}.Debug|iPhone.Build.0 = Debug|iPhone
		{EEE173BB-BE8A-4C75-A561-783F187BDBF8}.Debug|iPhoneSimulator.ActiveCfg = Debug|iPhoneSimulator
		{EEE173BB-BE8A-4C75-A561-783F187BDBF8}.Debug|iPhoneSimulator.Build.0 = Debug|iPhoneSimulator
		{EEE173BB-BE8A-4C75-A561-783F187BDBF8}.Release|Any CPU.ActiveCfg = Release|iPhoneSimulator
		{EEE173BB-BE8A-4C75-A561-783F187BDBF8}.Release|iPhone.ActiveCfg = Release|iPhone
		{EEE173BB-BE8A-4C75-A561-783F187BDBF8}.Release|iPhone.Build.0 = Release|iPhone
		{EEE173BB-BE8A-4C75-A561-783F187BDBF8}.Release|iPhoneSimulator.ActiveCfg = Release|iPhoneSimulator
		{EEE173BB-BE8A-4C75-A561-783F187BDBF8}.Release|iPhoneSimulator.Build.0 = Release|iPhoneSimulator
		{81E38A91-AE52-43DC-BAE8-B69297B41FC7}.Debug|Any CPU.ActiveCfg = Debug|Any CPU
		{81E38A91-AE52-43DC-BAE8-B69297B41FC7}.Debug|Any CPU.Build.0 = Debug|Any CPU
		{81E38A91-AE52-43DC-BAE8-B69297B41FC7}.Debug|iPhone.ActiveCfg = Debug|Any CPU
		{81E38A91-AE52-43DC-BAE8-B69297B41FC7}.Debug|iPhone.Build.0 = Debug|Any CPU
		{81E38A91-AE52-43DC-BAE8-B69297B41FC7}.Debug|iPhoneSimulator.ActiveCfg = Debug|Any CPU
		{81E38A91-AE52-43DC-BAE8-B69297B41FC7}.Debug|iPhoneSimulator.Build.0 = Debug|Any CPU
		{81E38A91-AE52-43DC-BAE8-B69297B41FC7}.Release|Any CPU.ActiveCfg = Release|Any CPU
		{81E38A91-AE52-43DC-BAE8-B69297B41FC7}.Release|Any CPU.Build.0 = Release|Any CPU
		{81E38A91-AE52-43DC-BAE8-B69297B41FC7}.Release|iPhone.ActiveCfg = Release|Any CPU
		{81E38A91-AE52-43DC-BAE8-B69297B41FC7}.Release|iPhone.Build.0 = Release|Any CPU
		{81E38A91-AE52-43DC-BAE8-B69297B41FC7}.Release|iPhoneSimulator.ActiveCfg = Release|Any CPU
		{81E38A91-AE52-43DC-BAE8-B69297B41FC7}.Release|iPhoneSimulator.Build.0 = Release|Any CPU
	EndGlobalSection
	GlobalSection(SolutionProperties) = preSolution
		HideSolutionNode = FALSE
	EndGlobalSection
	GlobalSection(NestedProjects) = preSolution
		{87EE9B5B-F628-43A7-8173-77968D4709AE} = {7BBAA2EB-A0A9-4E54-9DB1-C5FE62BB96E1}
		{14E4B7F0-6295-444F-85CC-A106CFBBCC5D} = {B37281F1-BFD5-4ADD-8944-F57CE70ACF1D}
		{37ABD78C-2906-45C2-9309-0047C0E493BA} = {2C971347-C4E4-48C6-855E-3E5601451218}
		{7BC0DA74-9DCE-4A71-8CDB-512B6928F115} = {7BBAA2EB-A0A9-4E54-9DB1-C5FE62BB96E1}
		{3ADC018C-92DD-48F1-9719-B2F983D56BEE} = {D32AD331-4B20-46CD-9C63-EB7655A8C2A5}
		{49442FBB-8BEC-4FC7-97DD-BCF0CAE64D80} = {D32AD331-4B20-46CD-9C63-EB7655A8C2A5}
		{90DB180F-0A16-4A2F-816A-E277C8704B3C} = {B37281F1-BFD5-4ADD-8944-F57CE70ACF1D}
		{BFACCB91-35DF-4FB3-AAAF-AF35940CF889} = {7BBAA2EB-A0A9-4E54-9DB1-C5FE62BB96E1}
		{EEE173BB-BE8A-4C75-A561-783F187BDBF8} = {7BBAA2EB-A0A9-4E54-9DB1-C5FE62BB96E1}
		{81E38A91-AE52-43DC-BAE8-B69297B41FC7} = {7BBAA2EB-A0A9-4E54-9DB1-C5FE62BB96E1}
	EndGlobalSection
	GlobalSection(ExtensibilityGlobals) = postSolution
		SolutionGuid = {136192D9-1050-499D-84AF-23D26D764015}
	EndGlobalSection
EndGlobal
