
Microsoft Visual Studio Solution File, Format Version 12.00
# Visual Studio Version 16
VisualStudioVersion = 16.0.30709.132
MinimumVisualStudioVersion = 10.0.40219.1
Project("{FAE04EC0-301F-11D3-BF4B-00C04F79EFBC}") = "PS.UI.Shared", "PS.UI.Shared\PS.UI.Shared.csproj", "{87EE9B5B-F628-43A7-8173-77968D4709AE}"
EndProject
Project("{FAE04EC0-301F-11D3-BF4B-00C04F79EFBC}") = "PS.Web.API", "PS.Web.API\PS.Web.API.csproj", "{14E4B7F0-6295-444F-85CC-A106CFBBCC5D}"
EndProject
Project("{FAE04EC0-301F-11D3-BF4B-00C04F79EFBC}") = "PS.Shared", "PS.Shared\PS.Shared.csproj", "{37ABD78C-2906-45C2-9309-0047C0E493BA}"
EndProject
Project("{FAE04EC0-301F-11D3-BF4B-00C04F79EFBC}") = "PS.UI.WPF", "PS.UI.WPF\PS.UI.WPF.csproj", "{7BC0DA74-9DCE-4A71-8CDB-512B6928F115}"
EndProject
Global
	GlobalSection(SolutionConfigurationPlatforms) = preSolution
		Debug|Any CPU = Debug|Any CPU
		Release|Any CPU = Release|Any CPU
	EndGlobalSection
	GlobalSection(ProjectConfigurationPlatforms) = postSolution
		{87EE9B5B-F628-43A7-8173-77968D4709AE}.Debug|Any CPU.ActiveCfg = Debug|Any CPU
		{87EE9B5B-F628-43A7-8173-77968D4709AE}.Debug|Any CPU.Build.0 = Debug|Any CPU
		{87EE9B5B-F628-43A7-8173-77968D4709AE}.Release|Any CPU.ActiveCfg = Release|Any CPU
		{87EE9B5B-F628-43A7-8173-77968D4709AE}.Release|Any CPU.Build.0 = Release|Any CPU
		{14E4B7F0-6295-444F-85CC-A106CFBBCC5D}.Debug|Any CPU.ActiveCfg = Debug|Any CPU
		{14E4B7F0-6295-444F-85CC-A106CFBBCC5D}.Debug|Any CPU.Build.0 = Debug|Any CPU
		{14E4B7F0-6295-444F-85CC-A106CFBBCC5D}.Release|Any CPU.ActiveCfg = Release|Any CPU
		{14E4B7F0-6295-444F-85CC-A106CFBBCC5D}.Release|Any CPU.Build.0 = Release|Any CPU
		{37ABD78C-2906-45C2-9309-0047C0E493BA}.Debug|Any CPU.ActiveCfg = Debug|Any CPU
		{37ABD78C-2906-45C2-9309-0047C0E493BA}.Debug|Any CPU.Build.0 = Debug|Any CPU
		{37ABD78C-2906-45C2-9309-0047C0E493BA}.Release|Any CPU.ActiveCfg = Release|Any CPU
		{37ABD78C-2906-45C2-9309-0047C0E493BA}.Release|Any CPU.Build.0 = Release|Any CPU
		{7BC0DA74-9DCE-4A71-8CDB-512B6928F115}.Debug|Any CPU.ActiveCfg = Debug|Any CPU
		{7BC0DA74-9DCE-4A71-8CDB-512B6928F115}.Debug|Any CPU.Build.0 = Debug|Any CPU
		{7BC0DA74-9DCE-4A71-8CDB-512B6928F115}.Release|Any CPU.ActiveCfg = Release|Any CPU
		{7BC0DA74-9DCE-4A71-8CDB-512B6928F115}.Release|Any CPU.Build.0 = Release|Any CPU
	EndGlobalSection
	GlobalSection(SolutionProperties) = preSolution
		HideSolutionNode = FALSE
	EndGlobalSection
	GlobalSection(ExtensibilityGlobals) = postSolution
		SolutionGuid = {136192D9-1050-499D-84AF-23D26D764015}
	EndGlobalSection
EndGlobal
